
Microsoft Visual Studio Solution File, Format Version 12.00
# Visual Studio 15
Project("{FAE04EC0-301F-11D3-BF4B-00C04F79EFBC}") = "Assembly-CSharp", "Assembly-CSharp.csproj", "{CE2C294F-548B-43B9-1DA5-F19518541E0B}"
EndProject
Project("{FAE04EC0-301F-11D3-BF4B-00C04F79EFBC}") = "Assembly-CSharp-Editor", "Assembly-CSharp-Editor.csproj", "{015F00DA-0789-8280-ED4E-B9333DB4BE36}"
EndProject
Global
	GlobalSection(SolutionConfigurationPlatforms) = preSolution
		Debug|Any CPU = Debug|Any CPU
		Release|Any CPU = Release|Any CPU
	EndGlobalSection
	GlobalSection(ProjectConfigurationPlatforms) = postSolution
		{CE2C294F-548B-43B9-1DA5-F19518541E0B}.Debug|Any CPU.ActiveCfg = Debug|Any CPU
		{CE2C294F-548B-43B9-1DA5-F19518541E0B}.Debug|Any CPU.Build.0 = Debug|Any CPU
		{CE2C294F-548B-43B9-1DA5-F19518541E0B}.Release|Any CPU.ActiveCfg = Release|Any CPU
		{CE2C294F-548B-43B9-1DA5-F19518541E0B}.Release|Any CPU.Build.0 = Release|Any CPU
		{015F00DA-0789-8280-ED4E-B9333DB4BE36}.Debug|Any CPU.ActiveCfg = Debug|Any CPU
		{015F00DA-0789-8280-ED4E-B9333DB4BE36}.Debug|Any CPU.Build.0 = Debug|Any CPU
		{015F00DA-0789-8280-ED4E-B9333DB4BE36}.Release|Any CPU.ActiveCfg = Release|Any CPU
		{015F00DA-0789-8280-ED4E-B9333DB4BE36}.Release|Any CPU.Build.0 = Release|Any CPU
	EndGlobalSection
	GlobalSection(SolutionProperties) = preSolution
		HideSolutionNode = FALSE
	EndGlobalSection
EndGlobal
